
Microsoft Visual Studio Solution File, Format Version 12.00
# Visual Studio Version 16
VisualStudioVersion = 16.0.33027.164
MinimumVisualStudioVersion = 10.0.40219.1
Project("{FAE04EC0-301F-11D3-BF4B-00C04F79EFBC}") = "WebDemoAsp", "WebDemoAsp\WebDemoAsp.csproj", "{301EDE4F-5D37-4F08-A5F2-8E4B30B57ABD}"
EndProject
Global
	GlobalSection(SolutionConfigurationPlatforms) = preSolution
		Debug|Any CPU = Debug|Any CPU
		Release|Any CPU = Release|Any CPU
	EndGlobalSection
	GlobalSection(ProjectConfigurationPlatforms) = postSolution
		{301EDE4F-5D37-4F08-A5F2-8E4B30B57ABD}.Debug|Any CPU.ActiveCfg = Debug|Any CPU
		{301EDE4F-5D37-4F08-A5F2-8E4B30B57ABD}.Debug|Any CPU.Build.0 = Debug|Any CPU
		{301EDE4F-5D37-4F08-A5F2-8E4B30B57ABD}.Release|Any CPU.ActiveCfg = Release|Any CPU
		{301EDE4F-5D37-4F08-A5F2-8E4B30B57ABD}.Release|Any CPU.Build.0 = Release|Any CPU
	EndGlobalSection
	GlobalSection(SolutionProperties) = preSolution
		HideSolutionNode = FALSE
	EndGlobalSection
	GlobalSection(ExtensibilityGlobals) = postSolution
		SolutionGuid = {AE3E6FDD-3C81-4D50-85F9-E06F807977EB}
	EndGlobalSection
EndGlobal
